
Microsoft Visual Studio Solution File, Format Version 12.00
Project("{FAE04EC0-301F-11D3-BF4B-00C04F79EFBC}") = "MiniLM", "MiniLM\MiniLM.csproj", "{97C4A1E2-C923-4A45-B922-8EA265C70706}"
EndProject
Project("{FAE04EC0-301F-11D3-BF4B-00C04F79EFBC}") = "BERTTokenizers", "BertTokenizers\BERTTokenizers.csproj", "{1EEC0045-25DE-4E32-BDE8-CA5DAE743683}"
EndProject
Global
	GlobalSection(SolutionConfigurationPlatforms) = preSolution
		Debug|Any CPU = Debug|Any CPU
		Release|Any CPU = Release|Any CPU
	EndGlobalSection
	GlobalSection(ProjectConfigurationPlatforms) = postSolution
		{97C4A1E2-C923-4A45-B922-8EA265C70706}.Debug|Any CPU.ActiveCfg = Debug|Any CPU
		{97C4A1E2-C923-4A45-B922-8EA265C70706}.Debug|Any CPU.Build.0 = Debug|Any CPU
		{97C4A1E2-C923-4A45-B922-8EA265C70706}.Release|Any CPU.ActiveCfg = Release|Any CPU
		{97C4A1E2-C923-4A45-B922-8EA265C70706}.Release|Any CPU.Build.0 = Release|Any CPU
		{D74FA4BF-7D18-4DC2-B9C7-AB239C1811AF}.Debug|Any CPU.ActiveCfg = Debug|Any CPU
		{D74FA4BF-7D18-4DC2-B9C7-AB239C1811AF}.Debug|Any CPU.Build.0 = Debug|Any CPU
		{D74FA4BF-7D18-4DC2-B9C7-AB239C1811AF}.Release|Any CPU.ActiveCfg = Release|Any CPU
		{D74FA4BF-7D18-4DC2-B9C7-AB239C1811AF}.Release|Any CPU.Build.0 = Release|Any CPU
		{1EEC0045-25DE-4E32-BDE8-CA5DAE743683}.Debug|Any CPU.ActiveCfg = Debug|Any CPU
		{1EEC0045-25DE-4E32-BDE8-CA5DAE743683}.Debug|Any CPU.Build.0 = Debug|Any CPU
		{1EEC0045-25DE-4E32-BDE8-CA5DAE743683}.Release|Any CPU.ActiveCfg = Release|Any CPU
		{1EEC0045-25DE-4E32-BDE8-CA5DAE743683}.Release|Any CPU.Build.0 = Release|Any CPU
	EndGlobalSection
EndGlobal
