
Microsoft Visual Studio Solution File, Format Version 12.00
# Visual Studio Version 17
VisualStudioVersion = 17.6.33417.168
MinimumVisualStudioVersion = 10.0.40219.1
Project("{9A19103F-16F7-4668-BE54-9A1E7A4F7556}") = "MiniLM.all-MiniLM-L6-v2", "MiniLM.all-MiniLM-L6-v2\MiniLM.all-MiniLM-L6-v2.csproj", "{97C4A1E2-C923-4A45-B922-8EA265C70706}"
EndProject
Project("{9A19103F-16F7-4668-BE54-9A1E7A4F7556}") = "MiniLM.Test", "MiniLM.Test\MiniLM.Test.csproj", "{4902461B-8ED8-4EE6-9FD3-2F3DF6E170D2}"
EndProject
Project("{FAE04EC0-301F-11D3-BF4B-00C04F79EFBC}") = "MiniLM.Shared", "MiniLM.Shared\MiniLM.Shared.csproj", "{FD1F6D8B-7601-4D41-963C-E55DD74F26E0}"
EndProject
Global
	GlobalSection(SolutionConfigurationPlatforms) = preSolution
		Debug|Any CPU = Debug|Any CPU
		Release|Any CPU = Release|Any CPU
	EndGlobalSection
	GlobalSection(ProjectConfigurationPlatforms) = postSolution
		{97C4A1E2-C923-4A45-B922-8EA265C70706}.Debug|Any CPU.ActiveCfg = Debug|Any CPU
		{97C4A1E2-C923-4A45-B922-8EA265C70706}.Debug|Any CPU.Build.0 = Debug|Any CPU
		{97C4A1E2-C923-4A45-B922-8EA265C70706}.Release|Any CPU.ActiveCfg = Release|Any CPU
		{97C4A1E2-C923-4A45-B922-8EA265C70706}.Release|Any CPU.Build.0 = Release|Any CPU
		{4902461B-8ED8-4EE6-9FD3-2F3DF6E170D2}.Debug|Any CPU.ActiveCfg = Debug|Any CPU
		{4902461B-8ED8-4EE6-9FD3-2F3DF6E170D2}.Debug|Any CPU.Build.0 = Debug|Any CPU
		{4902461B-8ED8-4EE6-9FD3-2F3DF6E170D2}.Release|Any CPU.ActiveCfg = Release|Any CPU
		{4902461B-8ED8-4EE6-9FD3-2F3DF6E170D2}.Release|Any CPU.Build.0 = Release|Any CPU
		{FD1F6D8B-7601-4D41-963C-E55DD74F26E0}.Debug|Any CPU.ActiveCfg = Debug|Any CPU
		{FD1F6D8B-7601-4D41-963C-E55DD74F26E0}.Debug|Any CPU.Build.0 = Debug|Any CPU
		{FD1F6D8B-7601-4D41-963C-E55DD74F26E0}.Release|Any CPU.ActiveCfg = Release|Any CPU
		{FD1F6D8B-7601-4D41-963C-E55DD74F26E0}.Release|Any CPU.Build.0 = Release|Any CPU
	EndGlobalSection
	GlobalSection(SolutionProperties) = preSolution
		HideSolutionNode = FALSE
	EndGlobalSection
	GlobalSection(ExtensibilityGlobals) = postSolution
		SolutionGuid = {A274C4EB-E10E-4455-A5F5-F3C01A0929DC}
	EndGlobalSection
EndGlobal
